{
  "name": "phorgegiving-guide",
  "version": "0.1.0",
  "lockfileVersion": 2,
  "requires": true,
  "packages": {
    "": {
      "name": "phorgegiving-guide",
      "version": "0.1.0",
      "license": "MIT",
      "dependencies": {
        "@vandeurenglenn/flex-elements": "^0.1.0",
        "auto-updater": "^1.0.2",
        "custom-pages": "^0.12.1",
        "custom-tabs": "^0.13.1",
        "jquery": "^3.6.0",
        "little-pubsub": "^1.2.0"
      },
      "devDependencies": {
        "rollup": "^2.70.1"
      }
    },
    "node_modules/@vandeurenglenn/flex-elements": {
      "version": "0.1.0",
      "resolved": "https://registry.npmjs.org/@vandeurenglenn/flex-elements/-/flex-elements-0.1.0.tgz",
      "integrity": "sha512-lfKnIgGsoJTPVZ1EqQ4hcPLUTXYYam5a5kkvrAdfDki7AGUMXMW9W0apnRCJq3XR+QSQQMDk9xNkbtuIj8McmQ=="
    },
    "node_modules/adm-zip": {
      "version": "0.4.16",
      "resolved": "https://registry.npmjs.org/adm-zip/-/adm-zip-0.4.16.tgz",
      "integrity": "sha512-TFi4HBKSGfIKsK5YCkKaaFG2m4PEDyViZmEwof3MTIgzimHLto6muaHVpbrljdIvIrFZzEq/p4nafOeLcYegrg==",
      "engines": {
        "node": ">=0.3.0"
      }
    },
    "node_modules/auto-updater": {
      "version": "1.0.2",
      "resolved": "https://registry.npmjs.org/auto-updater/-/auto-updater-1.0.2.tgz",
      "integrity": "sha1-06Q9duzDtvnQ3AElmkL1BH7NcMk=",
      "dependencies": {
        "adm-zip": "^0.4.7",
        "node-promise": "^0.5.12",
        "underscore": "^1.8.3"
      },
      "engines": {
        "node": "*"
      }
    },
    "node_modules/backed": {
      "version": "0.12.1",
      "resolved": "https://registry.npmjs.org/backed/-/backed-0.12.1.tgz",
      "integrity": "sha512-zHVlAs5lCfzNlTMmwl7FxgjDgYKz1HLQTQH6Z2LvOQofwABAOec9hF6OSZr2+ZWfb3akloAHBjWCqO0Uz1qh2A=="
    },
    "node_modules/class-is": {
      "version": "1.1.0",
      "resolved": "https://registry.npmjs.org/class-is/-/class-is-1.1.0.tgz",
      "integrity": "sha512-rhjH9AG1fvabIDoGRVH587413LPjTZgmDF9fOFCbFJQV4yuocX1mHxxvXI4g3cGwbVY9wAYIoKlg1N79frJKQw=="
    },
    "node_modules/custom-pages": {
      "version": "0.12.1",
      "resolved": "https://registry.npmjs.org/custom-pages/-/custom-pages-0.12.1.tgz",
      "integrity": "sha512-HDlFQSNemwRU4q49SJQ8H3qTehB0M2obkoSMdFs9bBLD0wTLr4dyD2x0nHFy6XBjJcyXk8Fdz/MoSLKaqAV5Ww==",
      "dependencies": {
        "custom-select-mixins": "^0.13.0"
      }
    },
    "node_modules/custom-select-mixins": {
      "version": "0.13.0",
      "resolved": "https://registry.npmjs.org/custom-select-mixins/-/custom-select-mixins-0.13.0.tgz",
      "integrity": "sha512-RvuT7lwjmTwLlbQcq72fH5uiJJD3N+BL3CgDdu/xJytvdjOEAOiTPIjYDbuF40ulStqME536k83Ql/NQhxUEaQ==",
      "dependencies": {
        "backed": "0.12.1"
      }
    },
    "node_modules/custom-tabs": {
      "version": "0.13.1",
      "resolved": "https://registry.npmjs.org/custom-tabs/-/custom-tabs-0.13.1.tgz",
      "integrity": "sha512-CSGZQLbCvGNLVioNhayvqkkORMItehsrNREO+vsRyjGIQN6l/H3NH93IAwXypqZNKxPC4uIGGp6e1tcuM55Y/A==",
      "dependencies": {
        "custom-select-mixins": "^0.13.0"
      }
    },
    "node_modules/fsevents": {
      "version": "2.3.2",
      "resolved": "https://registry.npmjs.org/fsevents/-/fsevents-2.3.2.tgz",
      "integrity": "sha512-xiqMQR4xAeHTuB9uWm+fFRcIOgKBMiOBP+eXiyT7jsgVCq1bkVygt00oASowB7EdtpOHaaPgKt812P9ab+DDKA==",
      "dev": true,
      "hasInstallScript": true,
      "optional": true,
      "os": [
        "darwin"
      ],
      "engines": {
        "node": "^8.16.0 || ^10.6.0 || >=11.0.0"
      }
    },
    "node_modules/jquery": {
      "version": "3.6.0",
      "resolved": "https://registry.npmjs.org/jquery/-/jquery-3.6.0.tgz",
      "integrity": "sha512-JVzAR/AjBvVt2BmYhxRCSYysDsPcssdmTFnzyLEts9qNwmjmu4JTAMYubEfwVOSwpQ1I1sKKFcxhZCI2buerfw=="
    },
    "node_modules/little-pubsub": {
      "version": "1.2.0",
      "resolved": "https://registry.npmjs.org/little-pubsub/-/little-pubsub-1.2.0.tgz",
      "integrity": "sha512-lciVp70agZ8yTr7+uAzCbqeJ7Ufod6s3BFVu5wmfFysctQbA4qcPu2ethSasBV3bXd6KS1FLaBdvblwS9H9sqw==",
      "dependencies": {
        "class-is": "^1.1.0"
      }
    },
    "node_modules/node-promise": {
      "version": "0.5.14",
      "resolved": "https://registry.npmjs.org/node-promise/-/node-promise-0.5.14.tgz",
      "integrity": "sha512-kbd+ABY2XRdByRVHPcBDemymfNL8+msGyKNxG/ziZnh9RjneuuGQl3/CE5UkNWxCInkJS+ztc5B31/t2kIO4Yw=="
    },
    "node_modules/rollup": {
      "version": "2.70.1",
      "resolved": "https://registry.npmjs.org/rollup/-/rollup-2.70.1.tgz",
      "integrity": "sha512-CRYsI5EuzLbXdxC6RnYhOuRdtz4bhejPMSWjsFLfVM/7w/85n2szZv6yExqUXsBdz5KT8eoubeyDUDjhLHEslA==",
      "dev": true,
      "bin": {
        "rollup": "dist/bin/rollup"
      },
      "engines": {
        "node": ">=10.0.0"
      },
      "optionalDependencies": {
        "fsevents": "~2.3.2"
      }
    },
    "node_modules/underscore": {
      "version": "1.13.2",
      "resolved": "https://registry.npmjs.org/underscore/-/underscore-1.13.2.tgz",
      "integrity": "sha512-ekY1NhRzq0B08g4bGuX4wd2jZx5GnKz6mKSqFL4nqBlfyMGiG10gDFhDTMEfYmDL6Jy0FUIZp7wiRB+0BP7J2g=="
    }
  },
  "dependencies": {
    "@vandeurenglenn/flex-elements": {
      "version": "0.1.0",
      "resolved": "https://registry.npmjs.org/@vandeurenglenn/flex-elements/-/flex-elements-0.1.0.tgz",
      "integrity": "sha512-lfKnIgGsoJTPVZ1EqQ4hcPLUTXYYam5a5kkvrAdfDki7AGUMXMW9W0apnRCJq3XR+QSQQMDk9xNkbtuIj8McmQ=="
    },
    "adm-zip": {
      "version": "0.4.16",
      "resolved": "https://registry.npmjs.org/adm-zip/-/adm-zip-0.4.16.tgz",
      "integrity": "sha512-TFi4HBKSGfIKsK5YCkKaaFG2m4PEDyViZmEwof3MTIgzimHLto6muaHVpbrljdIvIrFZzEq/p4nafOeLcYegrg=="
    },
    "auto-updater": {
      "version": "1.0.2",
      "resolved": "https://registry.npmjs.org/auto-updater/-/auto-updater-1.0.2.tgz",
      "integrity": "sha1-06Q9duzDtvnQ3AElmkL1BH7NcMk=",
      "requires": {
        "adm-zip": "^0.4.7",
        "node-promise": "^0.5.12",
        "underscore": "^1.8.3"
      }
    },
    "backed": {
      "version": "0.12.1",
      "resolved": "https://registry.npmjs.org/backed/-/backed-0.12.1.tgz",
      "integrity": "sha512-zHVlAs5lCfzNlTMmwl7FxgjDgYKz1HLQTQH6Z2LvOQofwABAOec9hF6OSZr2+ZWfb3akloAHBjWCqO0Uz1qh2A=="
    },
    "class-is": {
      "version": "1.1.0",
      "resolved": "https://registry.npmjs.org/class-is/-/class-is-1.1.0.tgz",
      "integrity": "sha512-rhjH9AG1fvabIDoGRVH587413LPjTZgmDF9fOFCbFJQV4yuocX1mHxxvXI4g3cGwbVY9wAYIoKlg1N79frJKQw=="
    },
    "custom-pages": {
      "version": "0.12.1",
      "resolved": "https://registry.npmjs.org/custom-pages/-/custom-pages-0.12.1.tgz",
      "integrity": "sha512-HDlFQSNemwRU4q49SJQ8H3qTehB0M2obkoSMdFs9bBLD0wTLr4dyD2x0nHFy6XBjJcyXk8Fdz/MoSLKaqAV5Ww==",
      "requires": {
        "custom-select-mixins": "^0.13.0"
      }
    },
    "custom-select-mixins": {
      "version": "0.13.0",
      "resolved": "https://registry.npmjs.org/custom-select-mixins/-/custom-select-mixins-0.13.0.tgz",
      "integrity": "sha512-RvuT7lwjmTwLlbQcq72fH5uiJJD3N+BL3CgDdu/xJytvdjOEAOiTPIjYDbuF40ulStqME536k83Ql/NQhxUEaQ==",
      "requires": {
        "backed": "0.12.1"
      }
    },
    "custom-tabs": {
      "version": "0.13.1",
      "resolved": "https://registry.npmjs.org/custom-tabs/-/custom-tabs-0.13.1.tgz",
      "integrity": "sha512-CSGZQLbCvGNLVioNhayvqkkORMItehsrNREO+vsRyjGIQN6l/H3NH93IAwXypqZNKxPC4uIGGp6e1tcuM55Y/A==",
      "requires": {
        "custom-select-mixins": "^0.13.0"
      }
    },
    "fsevents": {
      "version": "2.3.2",
      "resolved": "https://registry.npmjs.org/fsevents/-/fsevents-2.3.2.tgz",
      "integrity": "sha512-xiqMQR4xAeHTuB9uWm+fFRcIOgKBMiOBP+eXiyT7jsgVCq1bkVygt00oASowB7EdtpOHaaPgKt812P9ab+DDKA==",
      "dev": true,
      "optional": true
    },
    "jquery": {
      "version": "3.6.0",
      "resolved": "https://registry.npmjs.org/jquery/-/jquery-3.6.0.tgz",
      "integrity": "sha512-JVzAR/AjBvVt2BmYhxRCSYysDsPcssdmTFnzyLEts9qNwmjmu4JTAMYubEfwVOSwpQ1I1sKKFcxhZCI2buerfw=="
    },
    "little-pubsub": {
      "version": "1.2.0",
      "resolved": "https://registry.npmjs.org/little-pubsub/-/little-pubsub-1.2.0.tgz",
      "integrity": "sha512-lciVp70agZ8yTr7+uAzCbqeJ7Ufod6s3BFVu5wmfFysctQbA4qcPu2ethSasBV3bXd6KS1FLaBdvblwS9H9sqw==",
      "requires": {
        "class-is": "^1.1.0"
      }
    },
    "node-promise": {
      "version": "0.5.14",
      "resolved": "https://registry.npmjs.org/node-promise/-/node-promise-0.5.14.tgz",
      "integrity": "sha512-kbd+ABY2XRdByRVHPcBDemymfNL8+msGyKNxG/ziZnh9RjneuuGQl3/CE5UkNWxCInkJS+ztc5B31/t2kIO4Yw=="
    },
    "rollup": {
      "version": "2.70.1",
      "resolved": "https://registry.npmjs.org/rollup/-/rollup-2.70.1.tgz",
      "integrity": "sha512-CRYsI5EuzLbXdxC6RnYhOuRdtz4bhejPMSWjsFLfVM/7w/85n2szZv6yExqUXsBdz5KT8eoubeyDUDjhLHEslA==",
      "dev": true,
      "requires": {
        "fsevents": "~2.3.2"
      }
    },
    "underscore": {
      "version": "1.13.2",
      "resolved": "https://registry.npmjs.org/underscore/-/underscore-1.13.2.tgz",
      "integrity": "sha512-ekY1NhRzq0B08g4bGuX4wd2jZx5GnKz6mKSqFL4nqBlfyMGiG10gDFhDTMEfYmDL6Jy0FUIZp7wiRB+0BP7J2g=="
    }
  }
}
